
Microsoft Visual Studio Solution File, Format Version 12.00
# Visual Studio Version 17
VisualStudioVersion = 17.8.34316.72
MinimumVisualStudioVersion = 10.0.40219.1
Project("{9A19103F-16F7-4668-BE54-9A1E7A4F7556}") = "ConsoleClient", "ConsoleClient\ConsoleClient.csproj", "{ACAAA7B9-2A4F-425C-9F8A-883EA5132B82}"
EndProject
Project("{2150E333-8FDC-42A3-9474-1A3956D46DE8}") = "_Solution Items", "_Solution Items", "{817FCB88-3CDE-4E7F-8AE6-C617A96DEA01}"
	ProjectSection(SolutionItems) = preProject
		RV24 Rules.ndrules = RV24 Rules.ndrules
	EndProjectSection
EndProject
Project("{2150E333-8FDC-42A3-9474-1A3956D46DE8}") = "UI", "UI", "{27977E05-734D-495D-8F92-6C0313FB9709}"
EndProject
Project("{2150E333-8FDC-42A3-9474-1A3956D46DE8}") = "Logic", "Logic", "{162A8593-1937-4ED6-AB47-F708E28992A5}"
EndProject
Project("{2150E333-8FDC-42A3-9474-1A3956D46DE8}") = "Data", "Data", "{DE0C7E29-322E-4BCC-8099-627B069A5142}"
EndProject
Project("{2150E333-8FDC-42A3-9474-1A3956D46DE8}") = "CrossCutting", "CrossCutting", "{166ACB2B-BE59-4367-BE1F-C8E0D39A339F}"
EndProject
Project("{9A19103F-16F7-4668-BE54-9A1E7A4F7556}") = "DataClasses", "DataClasses\DataClasses.csproj", "{8EC597B1-A8E8-4305-9B62-99B6D0B785F7}"
EndProject
Project("{9A19103F-16F7-4668-BE54-9A1E7A4F7556}") = "FileStoring", "FileStoring\FileStoring.csproj", "{88CCEE24-CD55-4BE9-BF5C-2413F6A0A861}"
EndProject
Project("{9A19103F-16F7-4668-BE54-9A1E7A4F7556}") = "DataStoring", "DataStoring\DataStoring.csproj", "{5DA1D021-EC1E-4B91-906E-F29D3DD5B7C6}"
EndProject
Project("{9A19103F-16F7-4668-BE54-9A1E7A4F7556}") = "PersonManagement", "PersonManagement\PersonManagement.csproj", "{BA525BBF-D15D-4620-9702-FED40F78814B}"
EndProject
Project("{9A19103F-16F7-4668-BE54-9A1E7A4F7556}") = "ApiClient", "ApiClient\ApiClient.csproj", "{9AD3FAB7-9C56-465F-980D-DB30F918B1AC}"
EndProject
Project("{2150E333-8FDC-42A3-9474-1A3956D46DE8}") = "Business", "Business", "{937EF2A8-FADF-4CC3-AB67-561BB58A2DFE}"
EndProject
Project("{2150E333-8FDC-42A3-9474-1A3956D46DE8}") = "Domain", "Domain", "{32F50E8F-FBD6-486A-9B2F-D7AD6C231B89}"
EndProject
Project("{9A19103F-16F7-4668-BE54-9A1E7A4F7556}") = "Workflows", "Workflows\Workflows.csproj", "{563A0627-735C-4206-AC96-49C865D75FCA}"
EndProject
Project("{9A19103F-16F7-4668-BE54-9A1E7A4F7556}") = "EmailManagement", "EmailManagement\EmailManagement.csproj", "{5577ACD9-DD33-48E8-A39B-57A6449F727A}"
EndProject
Project("{2150E333-8FDC-42A3-9474-1A3956D46DE8}") = "Foundation", "Foundation", "{A9157E9A-59EC-48A0-8F42-A9CF713331A1}"
EndProject
Project("{2150E333-8FDC-42A3-9474-1A3956D46DE8}") = "Infrastructure", "Infrastructure", "{44A4105F-122B-43B9-9545-C019D17588D7}"
EndProject
Project("{9A19103F-16F7-4668-BE54-9A1E7A4F7556}") = "Mappings", "Mappings\Mappings.csproj", "{05B395DF-0433-41F5-8AD9-74E168E8D0B8}"
EndProject
Project("{9A19103F-16F7-4668-BE54-9A1E7A4F7556}") = "EmailManagement.Contract", "EmailManagement.Contract\EmailManagement.Contract.csproj", "{8C0695CF-374A-44C0-A6AB-1FFA61592075}"
EndProject
Project("{9A19103F-16F7-4668-BE54-9A1E7A4F7556}") = "PersonManagement.Contract", "PersonManagement.Contract\PersonManagement.Contract.csproj", "{E4AC222C-FE14-4DBB-9C06-E0B3C2EB8D32}"
EndProject
Project("{9A19103F-16F7-4668-BE54-9A1E7A4F7556}") = "Workflows.Contract", "Workflows.Contract\Workflows.Contract.csproj", "{DF435841-01A1-4938-8A84-0DB5854B8F46}"
EndProject
Project("{9A19103F-16F7-4668-BE54-9A1E7A4F7556}") = "DataStoring.Contract", "DataStoring.Contract\DataStoring.Contract.csproj", "{ACB87A43-5624-4319-952A-65E0F33C888A}"
EndProject
Project("{9A19103F-16F7-4668-BE54-9A1E7A4F7556}") = "FileStoring.Contract", "FileStoring.Contract\FileStoring.Contract.csproj", "{E795F013-CCC8-47B9-BB5D-EF3663A42D1D}"
EndProject
Project("{9A19103F-16F7-4668-BE54-9A1E7A4F7556}") = "Configuration", "Configuration\Configuration.csproj", "{32D9F423-C883-49E7-8D27-3FF97100F2BB}"
EndProject
Project("{9A19103F-16F7-4668-BE54-9A1E7A4F7556}") = "Configuration.Contract", "Configuration.Contract\Configuration.Contract.csproj", "{FFAFAD3C-98FC-48C5-8780-56F938A3FEF3}"
EndProject
Project("{FAE04EC0-301F-11D3-BF4B-00C04F79EFBC}") = "AuditManagement", "AuditManagement\AuditManagement.csproj", "{2C881AE8-6B66-42F0-825C-57AB3640914C}"
EndProject
Project("{FAE04EC0-301F-11D3-BF4B-00C04F79EFBC}") = "AuditManagement.Contract", "AuditManagement.Contract\AuditManagement.Contract.csproj", "{70091640-5019-43AE-BDD2-14809BD8E30E}"
EndProject
Project("{FAE04EC0-301F-11D3-BF4B-00C04F79EFBC}") = "Localization", "Localization\Localization.csproj", "{52FDE355-096E-4146-B35D-FC879F2278C3}"
EndProject
Project("{FAE04EC0-301F-11D3-BF4B-00C04F79EFBC}") = "Localization.Contract", "Localization.Contract\Localization.Contract.csproj", "{184A0193-EFFF-408E-BAD0-76F4E8F1C590}"
EndProject
Project("{FAE04EC0-301F-11D3-BF4B-00C04F79EFBC}") = "UserManagement", "UserManagement\UserManagement.csproj", "{384E674F-2D4A-440C-B937-1F55242DD3A6}"
EndProject
Project("{FAE04EC0-301F-11D3-BF4B-00C04F79EFBC}") = "UserManagement.Contract", "UserManagement.Contract\UserManagement.Contract.csproj", "{390D08B2-8EE5-4890-AAEC-DC3042FEC8A6}"
EndProject
Global
	GlobalSection(SolutionConfigurationPlatforms) = preSolution
		Debug|Any CPU = Debug|Any CPU
		Release|Any CPU = Release|Any CPU
	EndGlobalSection
	GlobalSection(ProjectConfigurationPlatforms) = postSolution
		{ACAAA7B9-2A4F-425C-9F8A-883EA5132B82}.Debug|Any CPU.ActiveCfg = Debug|Any CPU
		{ACAAA7B9-2A4F-425C-9F8A-883EA5132B82}.Debug|Any CPU.Build.0 = Debug|Any CPU
		{ACAAA7B9-2A4F-425C-9F8A-883EA5132B82}.Release|Any CPU.ActiveCfg = Release|Any CPU
		{ACAAA7B9-2A4F-425C-9F8A-883EA5132B82}.Release|Any CPU.Build.0 = Release|Any CPU
		{8EC597B1-A8E8-4305-9B62-99B6D0B785F7}.Debug|Any CPU.ActiveCfg = Debug|Any CPU
		{8EC597B1-A8E8-4305-9B62-99B6D0B785F7}.Debug|Any CPU.Build.0 = Debug|Any CPU
		{8EC597B1-A8E8-4305-9B62-99B6D0B785F7}.Release|Any CPU.ActiveCfg = Release|Any CPU
		{8EC597B1-A8E8-4305-9B62-99B6D0B785F7}.Release|Any CPU.Build.0 = Release|Any CPU
		{88CCEE24-CD55-4BE9-BF5C-2413F6A0A861}.Debug|Any CPU.ActiveCfg = Debug|Any CPU
		{88CCEE24-CD55-4BE9-BF5C-2413F6A0A861}.Debug|Any CPU.Build.0 = Debug|Any CPU
		{88CCEE24-CD55-4BE9-BF5C-2413F6A0A861}.Release|Any CPU.ActiveCfg = Release|Any CPU
		{88CCEE24-CD55-4BE9-BF5C-2413F6A0A861}.Release|Any CPU.Build.0 = Release|Any CPU
		{5DA1D021-EC1E-4B91-906E-F29D3DD5B7C6}.Debug|Any CPU.ActiveCfg = Debug|Any CPU
		{5DA1D021-EC1E-4B91-906E-F29D3DD5B7C6}.Debug|Any CPU.Build.0 = Debug|Any CPU
		{5DA1D021-EC1E-4B91-906E-F29D3DD5B7C6}.Release|Any CPU.ActiveCfg = Release|Any CPU
		{5DA1D021-EC1E-4B91-906E-F29D3DD5B7C6}.Release|Any CPU.Build.0 = Release|Any CPU
		{BA525BBF-D15D-4620-9702-FED40F78814B}.Debug|Any CPU.ActiveCfg = Debug|Any CPU
		{BA525BBF-D15D-4620-9702-FED40F78814B}.Debug|Any CPU.Build.0 = Debug|Any CPU
		{BA525BBF-D15D-4620-9702-FED40F78814B}.Release|Any CPU.ActiveCfg = Release|Any CPU
		{BA525BBF-D15D-4620-9702-FED40F78814B}.Release|Any CPU.Build.0 = Release|Any CPU
		{9AD3FAB7-9C56-465F-980D-DB30F918B1AC}.Debug|Any CPU.ActiveCfg = Debug|Any CPU
		{9AD3FAB7-9C56-465F-980D-DB30F918B1AC}.Debug|Any CPU.Build.0 = Debug|Any CPU
		{9AD3FAB7-9C56-465F-980D-DB30F918B1AC}.Release|Any CPU.ActiveCfg = Release|Any CPU
		{9AD3FAB7-9C56-465F-980D-DB30F918B1AC}.Release|Any CPU.Build.0 = Release|Any CPU
		{563A0627-735C-4206-AC96-49C865D75FCA}.Debug|Any CPU.ActiveCfg = Debug|Any CPU
		{563A0627-735C-4206-AC96-49C865D75FCA}.Debug|Any CPU.Build.0 = Debug|Any CPU
		{563A0627-735C-4206-AC96-49C865D75FCA}.Release|Any CPU.ActiveCfg = Release|Any CPU
		{563A0627-735C-4206-AC96-49C865D75FCA}.Release|Any CPU.Build.0 = Release|Any CPU
		{5577ACD9-DD33-48E8-A39B-57A6449F727A}.Debug|Any CPU.ActiveCfg = Debug|Any CPU
		{5577ACD9-DD33-48E8-A39B-57A6449F727A}.Debug|Any CPU.Build.0 = Debug|Any CPU
		{5577ACD9-DD33-48E8-A39B-57A6449F727A}.Release|Any CPU.ActiveCfg = Release|Any CPU
		{5577ACD9-DD33-48E8-A39B-57A6449F727A}.Release|Any CPU.Build.0 = Release|Any CPU
		{05B395DF-0433-41F5-8AD9-74E168E8D0B8}.Debug|Any CPU.ActiveCfg = Debug|Any CPU
		{05B395DF-0433-41F5-8AD9-74E168E8D0B8}.Debug|Any CPU.Build.0 = Debug|Any CPU
		{05B395DF-0433-41F5-8AD9-74E168E8D0B8}.Release|Any CPU.ActiveCfg = Release|Any CPU
		{05B395DF-0433-41F5-8AD9-74E168E8D0B8}.Release|Any CPU.Build.0 = Release|Any CPU
		{8C0695CF-374A-44C0-A6AB-1FFA61592075}.Debug|Any CPU.ActiveCfg = Debug|Any CPU
		{8C0695CF-374A-44C0-A6AB-1FFA61592075}.Debug|Any CPU.Build.0 = Debug|Any CPU
		{8C0695CF-374A-44C0-A6AB-1FFA61592075}.Release|Any CPU.ActiveCfg = Release|Any CPU
		{8C0695CF-374A-44C0-A6AB-1FFA61592075}.Release|Any CPU.Build.0 = Release|Any CPU
		{E4AC222C-FE14-4DBB-9C06-E0B3C2EB8D32}.Debug|Any CPU.ActiveCfg = Debug|Any CPU
		{E4AC222C-FE14-4DBB-9C06-E0B3C2EB8D32}.Debug|Any CPU.Build.0 = Debug|Any CPU
		{E4AC222C-FE14-4DBB-9C06-E0B3C2EB8D32}.Release|Any CPU.ActiveCfg = Release|Any CPU
		{E4AC222C-FE14-4DBB-9C06-E0B3C2EB8D32}.Release|Any CPU.Build.0 = Release|Any CPU
		{DF435841-01A1-4938-8A84-0DB5854B8F46}.Debug|Any CPU.ActiveCfg = Debug|Any CPU
		{DF435841-01A1-4938-8A84-0DB5854B8F46}.Debug|Any CPU.Build.0 = Debug|Any CPU
		{DF435841-01A1-4938-8A84-0DB5854B8F46}.Release|Any CPU.ActiveCfg = Release|Any CPU
		{DF435841-01A1-4938-8A84-0DB5854B8F46}.Release|Any CPU.Build.0 = Release|Any CPU
		{ACB87A43-5624-4319-952A-65E0F33C888A}.Debug|Any CPU.ActiveCfg = Debug|Any CPU
		{ACB87A43-5624-4319-952A-65E0F33C888A}.Debug|Any CPU.Build.0 = Debug|Any CPU
		{ACB87A43-5624-4319-952A-65E0F33C888A}.Release|Any CPU.ActiveCfg = Release|Any CPU
		{ACB87A43-5624-4319-952A-65E0F33C888A}.Release|Any CPU.Build.0 = Release|Any CPU
		{E795F013-CCC8-47B9-BB5D-EF3663A42D1D}.Debug|Any CPU.ActiveCfg = Debug|Any CPU
		{E795F013-CCC8-47B9-BB5D-EF3663A42D1D}.Debug|Any CPU.Build.0 = Debug|Any CPU
		{E795F013-CCC8-47B9-BB5D-EF3663A42D1D}.Release|Any CPU.ActiveCfg = Release|Any CPU
		{E795F013-CCC8-47B9-BB5D-EF3663A42D1D}.Release|Any CPU.Build.0 = Release|Any CPU
		{32D9F423-C883-49E7-8D27-3FF97100F2BB}.Debug|Any CPU.ActiveCfg = Debug|Any CPU
		{32D9F423-C883-49E7-8D27-3FF97100F2BB}.Debug|Any CPU.Build.0 = Debug|Any CPU
		{32D9F423-C883-49E7-8D27-3FF97100F2BB}.Release|Any CPU.ActiveCfg = Release|Any CPU
		{32D9F423-C883-49E7-8D27-3FF97100F2BB}.Release|Any CPU.Build.0 = Release|Any CPU
		{FFAFAD3C-98FC-48C5-8780-56F938A3FEF3}.Debug|Any CPU.ActiveCfg = Debug|Any CPU
		{FFAFAD3C-98FC-48C5-8780-56F938A3FEF3}.Debug|Any CPU.Build.0 = Debug|Any CPU
		{FFAFAD3C-98FC-48C5-8780-56F938A3FEF3}.Release|Any CPU.ActiveCfg = Release|Any CPU
		{FFAFAD3C-98FC-48C5-8780-56F938A3FEF3}.Release|Any CPU.Build.0 = Release|Any CPU
		{2C881AE8-6B66-42F0-825C-57AB3640914C}.Debug|Any CPU.ActiveCfg = Debug|Any CPU
		{2C881AE8-6B66-42F0-825C-57AB3640914C}.Debug|Any CPU.Build.0 = Debug|Any CPU
		{2C881AE8-6B66-42F0-825C-57AB3640914C}.Release|Any CPU.ActiveCfg = Release|Any CPU
		{2C881AE8-6B66-42F0-825C-57AB3640914C}.Release|Any CPU.Build.0 = Release|Any CPU
		{70091640-5019-43AE-BDD2-14809BD8E30E}.Debug|Any CPU.ActiveCfg = Debug|Any CPU
		{70091640-5019-43AE-BDD2-14809BD8E30E}.Debug|Any CPU.Build.0 = Debug|Any CPU
		{70091640-5019-43AE-BDD2-14809BD8E30E}.Release|Any CPU.ActiveCfg = Release|Any CPU
		{70091640-5019-43AE-BDD2-14809BD8E30E}.Release|Any CPU.Build.0 = Release|Any CPU
		{52FDE355-096E-4146-B35D-FC879F2278C3}.Debug|Any CPU.ActiveCfg = Debug|Any CPU
		{52FDE355-096E-4146-B35D-FC879F2278C3}.Debug|Any CPU.Build.0 = Debug|Any CPU
		{52FDE355-096E-4146-B35D-FC879F2278C3}.Release|Any CPU.ActiveCfg = Release|Any CPU
		{52FDE355-096E-4146-B35D-FC879F2278C3}.Release|Any CPU.Build.0 = Release|Any CPU
		{184A0193-EFFF-408E-BAD0-76F4E8F1C590}.Debug|Any CPU.ActiveCfg = Debug|Any CPU
		{184A0193-EFFF-408E-BAD0-76F4E8F1C590}.Debug|Any CPU.Build.0 = Debug|Any CPU
		{184A0193-EFFF-408E-BAD0-76F4E8F1C590}.Release|Any CPU.ActiveCfg = Release|Any CPU
		{184A0193-EFFF-408E-BAD0-76F4E8F1C590}.Release|Any CPU.Build.0 = Release|Any CPU
		{384E674F-2D4A-440C-B937-1F55242DD3A6}.Debug|Any CPU.ActiveCfg = Debug|Any CPU
		{384E674F-2D4A-440C-B937-1F55242DD3A6}.Debug|Any CPU.Build.0 = Debug|Any CPU
		{384E674F-2D4A-440C-B937-1F55242DD3A6}.Release|Any CPU.ActiveCfg = Release|Any CPU
		{384E674F-2D4A-440C-B937-1F55242DD3A6}.Release|Any CPU.Build.0 = Release|Any CPU
		{390D08B2-8EE5-4890-AAEC-DC3042FEC8A6}.Debug|Any CPU.ActiveCfg = Debug|Any CPU
		{390D08B2-8EE5-4890-AAEC-DC3042FEC8A6}.Debug|Any CPU.Build.0 = Debug|Any CPU
		{390D08B2-8EE5-4890-AAEC-DC3042FEC8A6}.Release|Any CPU.ActiveCfg = Release|Any CPU
		{390D08B2-8EE5-4890-AAEC-DC3042FEC8A6}.Release|Any CPU.Build.0 = Release|Any CPU
	EndGlobalSection
	GlobalSection(SolutionProperties) = preSolution
		HideSolutionNode = FALSE
	EndGlobalSection
	GlobalSection(NestedProjects) = preSolution
		{ACAAA7B9-2A4F-425C-9F8A-883EA5132B82} = {27977E05-734D-495D-8F92-6C0313FB9709}
		{8EC597B1-A8E8-4305-9B62-99B6D0B785F7} = {166ACB2B-BE59-4367-BE1F-C8E0D39A339F}
		{88CCEE24-CD55-4BE9-BF5C-2413F6A0A861} = {DE0C7E29-322E-4BCC-8099-627B069A5142}
		{5DA1D021-EC1E-4B91-906E-F29D3DD5B7C6} = {DE0C7E29-322E-4BCC-8099-627B069A5142}
		{BA525BBF-D15D-4620-9702-FED40F78814B} = {32F50E8F-FBD6-486A-9B2F-D7AD6C231B89}
		{9AD3FAB7-9C56-465F-980D-DB30F918B1AC} = {27977E05-734D-495D-8F92-6C0313FB9709}
		{937EF2A8-FADF-4CC3-AB67-561BB58A2DFE} = {162A8593-1937-4ED6-AB47-F708E28992A5}
		{32F50E8F-FBD6-486A-9B2F-D7AD6C231B89} = {162A8593-1937-4ED6-AB47-F708E28992A5}
		{563A0627-735C-4206-AC96-49C865D75FCA} = {937EF2A8-FADF-4CC3-AB67-561BB58A2DFE}
		{5577ACD9-DD33-48E8-A39B-57A6449F727A} = {A9157E9A-59EC-48A0-8F42-A9CF713331A1}
		{A9157E9A-59EC-48A0-8F42-A9CF713331A1} = {162A8593-1937-4ED6-AB47-F708E28992A5}
		{05B395DF-0433-41F5-8AD9-74E168E8D0B8} = {44A4105F-122B-43B9-9545-C019D17588D7}
		{8C0695CF-374A-44C0-A6AB-1FFA61592075} = {A9157E9A-59EC-48A0-8F42-A9CF713331A1}
		{E4AC222C-FE14-4DBB-9C06-E0B3C2EB8D32} = {32F50E8F-FBD6-486A-9B2F-D7AD6C231B89}
		{DF435841-01A1-4938-8A84-0DB5854B8F46} = {937EF2A8-FADF-4CC3-AB67-561BB58A2DFE}
		{ACB87A43-5624-4319-952A-65E0F33C888A} = {DE0C7E29-322E-4BCC-8099-627B069A5142}
		{E795F013-CCC8-47B9-BB5D-EF3663A42D1D} = {DE0C7E29-322E-4BCC-8099-627B069A5142}
		{32D9F423-C883-49E7-8D27-3FF97100F2BB} = {166ACB2B-BE59-4367-BE1F-C8E0D39A339F}
		{FFAFAD3C-98FC-48C5-8780-56F938A3FEF3} = {166ACB2B-BE59-4367-BE1F-C8E0D39A339F}
		{2C881AE8-6B66-42F0-825C-57AB3640914C} = {A9157E9A-59EC-48A0-8F42-A9CF713331A1}
		{70091640-5019-43AE-BDD2-14809BD8E30E} = {A9157E9A-59EC-48A0-8F42-A9CF713331A1}
		{52FDE355-096E-4146-B35D-FC879F2278C3} = {A9157E9A-59EC-48A0-8F42-A9CF713331A1}
		{184A0193-EFFF-408E-BAD0-76F4E8F1C590} = {A9157E9A-59EC-48A0-8F42-A9CF713331A1}
		{384E674F-2D4A-440C-B937-1F55242DD3A6} = {A9157E9A-59EC-48A0-8F42-A9CF713331A1}
		{390D08B2-8EE5-4890-AAEC-DC3042FEC8A6} = {A9157E9A-59EC-48A0-8F42-A9CF713331A1}
	EndGlobalSection
	GlobalSection(ExtensibilityGlobals) = postSolution
		SolutionGuid = {B78DB874-09C9-4C44-90F1-BF98B9CC45BB}
	EndGlobalSection
EndGlobal
