
Microsoft Visual Studio Solution File, Format Version 12.00
# Visual Studio Version 17
VisualStudioVersion = 17.8.34316.72
MinimumVisualStudioVersion = 10.0.40219.1
Project("{FAE04EC0-301F-11D3-BF4B-00C04F79EFBC}") = "ConsoleClient", "ConsoleClient\ConsoleClient.csproj", "{ACAAA7B9-2A4F-425C-9F8A-883EA5132B82}"
EndProject
Project("{2150E333-8FDC-42A3-9474-1A3956D46DE8}") = "Solution Items", "Solution Items", "{817FCB88-3CDE-4E7F-8AE6-C617A96DEA01}"
	ProjectSection(SolutionItems) = preProject
		RV24 Rules.ndrules = RV24 Rules.ndrules
	EndProjectSection
EndProject
Global
	GlobalSection(SolutionConfigurationPlatforms) = preSolution
		Debug|Any CPU = Debug|Any CPU
		Release|Any CPU = Release|Any CPU
	EndGlobalSection
	GlobalSection(ProjectConfigurationPlatforms) = postSolution
		{ACAAA7B9-2A4F-425C-9F8A-883EA5132B82}.Debug|Any CPU.ActiveCfg = Debug|Any CPU
		{ACAAA7B9-2A4F-425C-9F8A-883EA5132B82}.Debug|Any CPU.Build.0 = Debug|Any CPU
		{ACAAA7B9-2A4F-425C-9F8A-883EA5132B82}.Release|Any CPU.ActiveCfg = Release|Any CPU
		{ACAAA7B9-2A4F-425C-9F8A-883EA5132B82}.Release|Any CPU.Build.0 = Release|Any CPU
	EndGlobalSection
	GlobalSection(SolutionProperties) = preSolution
		HideSolutionNode = FALSE
	EndGlobalSection
	GlobalSection(ExtensibilityGlobals) = postSolution
		SolutionGuid = {B78DB874-09C9-4C44-90F1-BF98B9CC45BB}
	EndGlobalSection
EndGlobal
